// !$*UTF8*$!
{
	archiveVersion = 1;
	classes = {
	};
	objectVersion = 46;
	objects = {

/* Begin PBXBuildFile section */
		348323781CA8D4D200D931B8 /* AppDelegate.swift in Sources */ = {isa = PBXBuildFile; fileRef = 348323771CA8D4D200D931B8 /* AppDelegate.swift */; };
		3483237A1CA8D4D200D931B8 /* ViewController.swift in Sources */ = {isa = PBXBuildFile; fileRef = 348323791CA8D4D200D931B8 /* ViewController.swift */; };
		3483237D1CA8D4D200D931B8 /* Main.storyboard in Resources */ = {isa = PBXBuildFile; fileRef = 3483237B1CA8D4D200D931B8 /* Main.storyboard */; };
		3483237F1CA8D4D200D931B8 /* Assets.xcassets in Resources */ = {isa = PBXBuildFile; fileRef = 3483237E1CA8D4D200D931B8 /* Assets.xcassets */; };
		348323821CA8D4D200D931B8 /* LaunchScreen.storyboard in Resources */ = {isa = PBXBuildFile; fileRef = 348323801CA8D4D200D931B8 /* LaunchScreen.storyboard */; };
		3483238A1CA8D4FF00D931B8 /* Datos.swift in Sources */ = {isa = PBXBuildFile; fileRef = 348323891CA8D4FF00D931B8 /* Datos.swift */; };
/* End PBXBuildFile section */

/* Begin PBXFileReference section */
		348323741CA8D4D200D931B8 /* Hamburguesas.app */ = {isa = PBXFileReference; explicitFileType = wrapper.application; includeInIndex = 0; path = Hamburguesas.app; sourceTree = BUILT_PRODUCTS_DIR; };
		348323771CA8D4D200D931B8 /* AppDelegate.swift */ = {isa = PBXFileReference; lastKnownFileType = sourcecode.swift; path = AppDelegate.swift; sourceTree = "<group>"; };
		348323791CA8D4D200D931B8 /* ViewController.swift */ = {isa = PBXFileReference; lastKnownFileType = sourcecode.swift; path = ViewController.swift; sourceTree = "<group>"; };
		3483237C1CA8D4D200D931B8 /* Base */ = {isa = PBXFileReference; lastKnownFileType = file.storyboard; name = Base; path = Base.lproj/Main.storyboard; sourceTree = "<group>"; };
		3483237E1CA8D4D200D931B8 /* Assets.xcassets */ = {isa = PBXFileReference; lastKnownFileType = folder.assetcatalog; path = Assets.xcassets; sourceTree = "<group>"; };
		348323811CA8D4D200D931B8 /* Base */ = {isa = PBXFileReference; lastKnownFileType = file.storyboard; name = Base; path = Base.lproj/LaunchScreen.storyboard; sourceTree = "<group>"; };
		348323831CA8D4D200D931B8 /* Info.plist */ = {isa = PBXFileReference; lastKnownFileType = text.plist.xml; path = Info.plist; sourceTree = "<group>"; };
		348323891CA8D4FF00D931B8 /* Datos.swift */ = {isa = PBXFileReference; fileEncoding = 4; lastKnownFileType = sourcecode.swift; path = Datos.swift; sourceTree = "<group>"; };
/* End PBXFileReference section */

/* Begin PBXFrameworksBuildPhase section */
		348323711CA8D4D200D931B8 /* Frameworks */ = {
			isa = PBXFrameworksBuildPhase;
			buildActionMask = 2147483647;
			files = (
			);
			runOnlyForDeploymentPostprocessing = 0;
		};
/* End PBXFrameworksBuildPhase section */

/* Begin PBXGroup section */
		3483236B1CA8D4D200D931B8 = {
			isa = PBXGroup;
			children = (
				348323761CA8D4D200D931B8 /* Hamburguesas */,
				348323751CA8D4D200D931B8 /* Products */,
			);
			sourceTree = "<group>";
		};
		348323751CA8D4D200D931B8 /* Products */ = {
			isa = PBXGroup;
			children = (
				348323741CA8D4D200D931B8 /* Hamburguesas.app */,
			);
			name = Products;
			sourceTree = "<group>";
		};
		348323761CA8D4D200D931B8 /* Hamburguesas */ = {
			isa = PBXGroup;
			children = (
				348323771CA8D4D200D931B8 /* AppDelegate.swift */,
				348323791CA8D4D200D931B8 /* ViewController.swift */,
				3483237B1CA8D4D200D931B8 /* Main.storyboard */,
				3483237E1CA8D4D200D931B8 /* Assets.xcassets */,
				348323801CA8D4D200D931B8 /* LaunchScreen.storyboard */,
				348323831CA8D4D200D931B8 /* Info.plist */,
				348323891CA8D4FF00D931B8 /* Datos.swift */,
			);
			path = Hamburguesas;
			sourceTree = "<group>";
		};
/* End PBXGroup section */

/* Begin PBXNativeTarget section */
		348323731CA8D4D200D931B8 /* Hamburguesas */ = {
			isa = PBXNativeTarget;
			buildConfigurationList = 348323861CA8D4D200D931B8 /* Build configuration list for PBXNativeTarget "Hamburguesas" */;
			buildPhases = (
				348323701CA8D4D200D931B8 /* Sources */,
				348323711CA8D4D200D931B8 /* Frameworks */,
				348323721CA8D4D200D931B8 /* Resources */,
			);
			buildRules = (
			);
			dependencies = (
			);
			name = Hamburguesas;
			productName = Hamburguesas;
			productReference = 348323741CA8D4D200D931B8 /* Hamburguesas.app */;
			productType = "com.apple.product-type.application";
		};
/* End PBXNativeTarget section */

/* Begin PBXProject section */
		3483236C1CA8D4D200D931B8 /* Project object */ = {
			isa = PBXProject;
			attributes = {
				LastSwiftUpdateCheck = 0720;
				LastUpgradeCheck = 0720;
				ORGANIZATIONNAME = Tafeta;
				TargetAttributes = {
					348323731CA8D4D200D931B8 = {
						CreatedOnToolsVersion = 7.2.1;
						DevelopmentTeam = KS8K64FV7B;
					};
				};
			};
			buildConfigurationList = 3483236F1CA8D4D200D931B8 /* Build configuration list for PBXProject "Hamburguesas" */;
			compatibilityVersion = "Xcode 3.2";
			developmentRegion = English;
			hasScannedForEncodings = 0;
			knownRegions = (
				en,
				Base,
			);
			mainGroup = 3483236B1CA8D4D200D931B8;
			productRefGroup = 348323751CA8D4D200D931B8 /* Products */;
			projectDirPath = "";
			projectRoot = "";
			targets = (
				348323731CA8D4D200D931B8 /* Hamburguesas */,
			);
		};
/* End PBXProject section */

/* Begin PBXResourcesBuildPhase section */
		348323721CA8D4D200D931B8 /* Resources */ = {
			isa = PBXResourcesBuildPhase;
			buildActionMask = 2147483647;
			files = (
				348323821CA8D4D200D931B8 /* LaunchScreen.storyboard in Resources */,
				3483237F1CA8D4D200D931B8 /* Assets.xcassets in Resources */,
				3483237D1CA8D4D200D931B8 /* Main.storyboard in Resources */,
			);
			runOnlyForDeploymentPostprocessing = 0;
		};
/* End PBXResourcesBuildPhase section */

/* Begin PBXSourcesBuildPhase section */
		348323701CA8D4D200D931B8 /* Sources */ = {
			isa = PBXSourcesBuildPhase;
			buildActionMask = 2147483647;
			files = (
				3483237A1CA8D4D200D931B8 /* ViewController.swift in Sources */,
				348323781CA8D4D200D931B8 /* AppDelegate.swift in Sources */,
				3483238A1CA8D4FF00D931B8 /* Datos.swift in Sources */,
			);
			runOnlyForDeploymentPostprocessing = 0;
		};
/* End PBXSourcesBuildPhase section */

/* Begin PBXVariantGroup section */
		3483237B1CA8D4D200D931B8 /* Main.storyboard */ = {
			isa = PBXVariantGroup;
			children = (
				3483237C1CA8D4D200D931B8 /* Base */,
			);
			name = Main.storyboard;
			sourceTree = "<group>";
		};
		348323801CA8D4D200D931B8 /* LaunchScreen.storyboard */ = {
			isa = PBXVariantGroup;
			children = (
				348323811CA8D4D200D931B8 /* Base */,
			);
			name = LaunchScreen.storyboard;
			sourceTree = "<group>";
		};
/* End PBXVariantGroup section */

/* Begin XCBuildConfiguration section */
		348323841CA8D4D200D931B8 /* Debug */ = {
			isa = XCBuildConfiguration;
			buildSettings = {
				ALWAYS_SEARCH_USER_PATHS = NO;
				CLANG_CXX_LANGUAGE_STANDARD = "gnu++0x";
				CLANG_CXX_LIBRARY = "libc++";
				CLANG_ENABLE_MODULES = YES;
				CLANG_ENABLE_OBJC_ARC = YES;
				CLANG_WARN_BOOL_CONVERSION = YES;
				CLANG_WARN_CONSTANT_CONVERSION = YES;
				CLANG_WARN_DIRECT_OBJC_ISA_USAGE = YES_ERROR;
				CLANG_WARN_EMPTY_BODY = YES;
				CLANG_WARN_ENUM_CONVERSION = YES;
				CLANG_WARN_INT_CONVERSION = YES;
				CLANG_WARN_OBJC_ROOT_CLASS = YES_ERROR;
				CLANG_WARN_UNREACHABLE_CODE = YES;
				CLANG_WARN__DUPLICATE_METHOD_MATCH = YES;
				"CODE_SIGN_IDENTITY[sdk=iphoneos*]" = "iPhone Developer";
				COPY_PHASE_STRIP = NO;
				DEBUG_INFORMATION_FORMAT = dwarf;
				ENABLE_STRICT_OBJC_MSGSEND = YES;
				ENABLE_TESTABILITY = YES;
				GCC_C_LANGUAGE_STANDARD = gnu99;
				GCC_DYNAMIC_NO_PIC = NO;
				GCC_NO_COMMON_BLOCKS = YES;
				GCC_OPTIMIZATION_LEVEL = 0;
				GCC_PREPROCESSOR_DEFINITIONS = (
					"DEBUG=1",
					"$(inherited)",
				);
				GCC_WARN_64_TO_32_BIT_CONVERSION = YES;
				GCC_WARN_ABOUT_RETURN_TYPE = YES_ERROR;
				GCC_WARN_UNDECLARED_SELECTOR = YES;
				GCC_WARN_UNINITIALIZED_AUTOS = YES_AGGRESSIVE;
				GCC_WARN_UNUSED_FUNCTION = YES;
				GCC_WARN_UNUSED_VARIABLE = YES;
				IPHONEOS_DEPLOYMENT_TARGET = 9.2;
				MTL_ENABLE_DEBUG_INFO = YES;
				ONLY_ACTIVE_ARCH = YES;
				SDKROOT = iphoneos;
				SWIFT_OPTIMIZATION_LEVEL = "-Onone";
				TARGETED_DEVICE_FAMILY = "1,2";
			};
			name = Debug;
		};
		348323851CA8D4D200D931B8 /* Release */ = {
			isa = XCBuildConfiguration;
			buildSettings = {
				ALWAYS_SEARCH_USER_PATHS = NO;
				CLANG_CXX_LANGUAGE_STANDARD = "gnu++0x";
				CLANG_CXX_LIBRARY = "libc++";
				CLANG_ENABLE_MODULES = YES;
				CLANG_ENABLE_OBJC_ARC = YES;
				CLANG_WARN_BOOL_CONVERSION = YES;
				CLANG_WARN_CONSTANT_CONVERSION = YES;
				CLANG_WARN_DIRECT_OBJC_ISA_USAGE = YES_ERROR;
				CLANG_WARN_EMPTY_BODY = YES;
				CLANG_WARN_ENUM_CONVERSION = YES;
				CLANG_WARN_INT_CONVERSION = YES;
				CLANG_WARN_OBJC_ROOT_CLASS = YES_ERROR;
				CLANG_WARN_UNREACHABLE_CODE = YES;
				CLANG_WARN__DUPLICATE_METHOD_MATCH = YES;
				"CODE_SIGN_IDENTITY[sdk=iphoneos*]" = "iPhone Developer";
				COPY_PHASE_STRIP = NO;
				DEBUG_INFORMATION_FORMAT = "dwarf-with-dsym";
				ENABLE_NS_ASSERTIONS = NO;
				ENABLE_STRICT_OBJC_MSGSEND = YES;
				GCC_C_LANGUAGE_STANDARD = gnu99;
				GCC_NO_COMMON_BLOCKS = YES;
				GCC_WARN_64_TO_32_BIT_CONVERSION = YES;
				GCC_WARN_ABOUT_RETURN_TYPE = YES_ERROR;
				GCC_WARN_UNDECLARED_SELECTOR = YES;
				GCC_WARN_UNINITIALIZED_AUTOS = YES_AGGRESSIVE;
				GCC_WARN_UNUSED_FUNCTION = YES;
				GCC_WARN_UNUSED_VARIABLE = YES;
				IPHONEOS_DEPLOYMENT_TARGET = 9.2;
				MTL_ENABLE_DEBUG_INFO = NO;
				SDKROOT = iphoneos;
				TARGETED_DEVICE_FAMILY = "1,2";
				VALIDATE_PRODUCT = YES;
			};
			name = Release;
		};
		348323871CA8D4D200D931B8 /* Debug */ = {
			isa = XCBuildConfiguration;
			buildSettings = {
				ASSETCATALOG_COMPILER_APPICON_NAME = AppIcon;
				INFOPLIST_FILE = Hamburguesas/Info.plist;
				LD_RUNPATH_SEARCH_PATHS = "$(inherited) @executable_path/Frameworks";
				PRODUCT_BUNDLE_IDENTIFIER = tafeta.Hamburguesas;
				PRODUCT_NAME = "$(TARGET_NAME)";
			};
			name = Debug;
		};
		348323881CA8D4D200D931B8 /* Release */ = {
			isa = XCBuildConfiguration;
			buildSettings = {
				ASSETCATALOG_COMPILER_APPICON_NAME = AppIcon;
				INFOPLIST_FILE = Hamburguesas/Info.plist;
				LD_RUNPATH_SEARCH_PATHS = "$(inherited) @executable_path/Frameworks";
				PRODUCT_BUNDLE_IDENTIFIER = tafeta.Hamburguesas;
				PRODUCT_NAME = "$(TARGET_NAME)";
			};
			name = Release;
		};
/* End XCBuildConfiguration section */

/* Begin XCConfigurationList section */
		3483236F1CA8D4D200D931B8 /* Build configuration list for PBXProject "Hamburguesas" */ = {
			isa = XCConfigurationList;
			buildConfigurations = (
				348323841CA8D4D200D931B8 /* Debug */,
				348323851CA8D4D200D931B8 /* Release */,
			);
			defaultConfigurationIsVisible = 0;
			defaultConfigurationName = Release;
		};
		348323861CA8D4D200D931B8 /* Build configuration list for PBXNativeTarget "Hamburguesas" */ = {
			isa = XCConfigurationList;
			buildConfigurations = (
				348323871CA8D4D200D931B8 /* Debug */,
				348323881CA8D4D200D931B8 /* Release */,
			);
			defaultConfigurationIsVisible = 0;
			defaultConfigurationName = Release;
		};
/* End XCConfigurationList section */
	};
	rootObject = 3483236C1CA8D4D200D931B8 /* Project object */;
}
